
Microsoft Visual Studio Solution File, Format Version 12.00
# Visual Studio Version 16
VisualStudioVersion = 16.0.31321.278
MinimumVisualStudioVersion = 10.0.40219.1
Project("{FAE04EC0-301F-11D3-BF4B-00C04F79EFBC}") = "trabalho2", "trabalho2.csproj", "{AB8BDA14-3BFA-434F-A052-09FCFD05DD3B}"
EndProject
Global
	GlobalSection(SolutionConfigurationPlatforms) = preSolution
		Debug|Any CPU = Debug|Any CPU
		Release|Any CPU = Release|Any CPU
	EndGlobalSection
	GlobalSection(ProjectConfigurationPlatforms) = postSolution
		{AB8BDA14-3BFA-434F-A052-09FCFD05DD3B}.Debug|Any CPU.ActiveCfg = Debug|Any CPU
		{AB8BDA14-3BFA-434F-A052-09FCFD05DD3B}.Debug|Any CPU.Build.0 = Debug|Any CPU
		{AB8BDA14-3BFA-434F-A052-09FCFD05DD3B}.Release|Any CPU.ActiveCfg = Release|Any CPU
		{AB8BDA14-3BFA-434F-A052-09FCFD05DD3B}.Release|Any CPU.Build.0 = Release|Any CPU
	EndGlobalSection
	GlobalSection(SolutionProperties) = preSolution
		HideSolutionNode = FALSE
	EndGlobalSection
	GlobalSection(ExtensibilityGlobals) = postSolution
		SolutionGuid = {32A61EE2-219D-4D8F-95BB-34D524CECD43}
	EndGlobalSection
EndGlobal
